
Microsoft Visual Studio Solution File, Format Version 12.00
# Visual Studio Version 16
VisualStudioVersion = 16.0.30907.101
MinimumVisualStudioVersion = 10.0.40219.1
Project("{9A19103F-16F7-4668-BE54-9A1E7A4F7556}") = "xyz.lsyyy.Verification.Extension", "xyz.lsyyy.Verification.Extension\xyz.lsyyy.Verification.Extension.csproj", "{F758BDA1-FF50-46AB-A079-FEC7166F7B24}"
EndProject
Project("{9A19103F-16F7-4668-BE54-9A1E7A4F7556}") = "xyz.lsyyy.Verification.Protos", "xyz.lsyyy.Verification.Protos\xyz.lsyyy.Verification.Protos.csproj", "{E5445053-888B-4744-AB03-977AFEAC35D3}"
EndProject
Project("{FAE04EC0-301F-11D3-BF4B-00C04F79EFBC}") = "xyz.lsyyy.Verification.Util", "xyz.lsyyy.Verification.Util\xyz.lsyyy.Verification.Util.csproj", "{4A71EC3F-E25D-40A1-9C13-AB049295B182}"
EndProject
Global
	GlobalSection(SolutionConfigurationPlatforms) = preSolution
		Debug|Any CPU = Debug|Any CPU
		Release|Any CPU = Release|Any CPU
	EndGlobalSection
	GlobalSection(ProjectConfigurationPlatforms) = postSolution
		{F758BDA1-FF50-46AB-A079-FEC7166F7B24}.Debug|Any CPU.ActiveCfg = Debug|Any CPU
		{F758BDA1-FF50-46AB-A079-FEC7166F7B24}.Debug|Any CPU.Build.0 = Debug|Any CPU
		{F758BDA1-FF50-46AB-A079-FEC7166F7B24}.Release|Any CPU.ActiveCfg = Release|Any CPU
		{F758BDA1-FF50-46AB-A079-FEC7166F7B24}.Release|Any CPU.Build.0 = Release|Any CPU
		{E5445053-888B-4744-AB03-977AFEAC35D3}.Debug|Any CPU.ActiveCfg = Debug|Any CPU
		{E5445053-888B-4744-AB03-977AFEAC35D3}.Debug|Any CPU.Build.0 = Debug|Any CPU
		{E5445053-888B-4744-AB03-977AFEAC35D3}.Release|Any CPU.ActiveCfg = Release|Any CPU
		{E5445053-888B-4744-AB03-977AFEAC35D3}.Release|Any CPU.Build.0 = Release|Any CPU
		{4A71EC3F-E25D-40A1-9C13-AB049295B182}.Debug|Any CPU.ActiveCfg = Debug|Any CPU
		{4A71EC3F-E25D-40A1-9C13-AB049295B182}.Debug|Any CPU.Build.0 = Debug|Any CPU
		{4A71EC3F-E25D-40A1-9C13-AB049295B182}.Release|Any CPU.ActiveCfg = Release|Any CPU
		{4A71EC3F-E25D-40A1-9C13-AB049295B182}.Release|Any CPU.Build.0 = Release|Any CPU
	EndGlobalSection
	GlobalSection(SolutionProperties) = preSolution
		HideSolutionNode = FALSE
	EndGlobalSection
	GlobalSection(ExtensibilityGlobals) = postSolution
		SolutionGuid = {C2D3AAA0-9054-4BC6-8C75-4A44E8270272}
	EndGlobalSection
EndGlobal
